
Microsoft Visual Studio Solution File, Format Version 12.00
# Visual Studio Version 17
VisualStudioVersion = 17.10.35122.118
MinimumVisualStudioVersion = 10.0.40219.1
Project("{FAE04EC0-301F-11D3-BF4B-00C04F79EFBC}") = "ParkingManagement", "ParkingManagement\ParkingManagement.csproj", "{83FE2DE8-530A-4F80-BF33-E1860A1CBA50}"
EndProject
Global
	GlobalSection(SolutionConfigurationPlatforms) = preSolution
		Debug|Any CPU = Debug|Any CPU
		Release|Any CPU = Release|Any CPU
	EndGlobalSection
	GlobalSection(ProjectConfigurationPlatforms) = postSolution
		{83FE2DE8-530A-4F80-BF33-E1860A1CBA50}.Debug|Any CPU.ActiveCfg = Debug|Any CPU
		{83FE2DE8-530A-4F80-BF33-E1860A1CBA50}.Debug|Any CPU.Build.0 = Debug|Any CPU
		{83FE2DE8-530A-4F80-BF33-E1860A1CBA50}.Release|Any CPU.ActiveCfg = Release|Any CPU
		{83FE2DE8-530A-4F80-BF33-E1860A1CBA50}.Release|Any CPU.Build.0 = Release|Any CPU
	EndGlobalSection
	GlobalSection(SolutionProperties) = preSolution
		HideSolutionNode = FALSE
	EndGlobalSection
	GlobalSection(ExtensibilityGlobals) = postSolution
		SolutionGuid = {C862F3B0-CDBF-404B-99A6-A3633FFD9BED}
	EndGlobalSection
EndGlobal
